
Microsoft Visual Studio Solution File, Format Version 12.00
# Visual Studio 2013
VisualStudioVersion = 12.0.40629.0
MinimumVisualStudioVersion = 10.0.40219.1
Project("{FAE04EC0-301F-11D3-BF4B-00C04F79EFBC}") = "WEB API", "WEB API\WEB API.csproj", "{53AA6ADE-E74E-4D8F-A6F3-F0739F28879C}"
EndProject
Project("{FAE04EC0-301F-11D3-BF4B-00C04F79EFBC}") = "WEB MVC", "WEB MVC\WEB MVC.csproj", "{241B2EFD-35C0-46F7-9171-4339974346F7}"
EndProject
Project("{FAE04EC0-301F-11D3-BF4B-00C04F79EFBC}") = "Demo", "Demo\Demo.csproj", "{F4038821-C5D7-4D9F-9715-4FE11F2712C6}"
EndProject
Global
	GlobalSection(SolutionConfigurationPlatforms) = preSolution
		Debug|Any CPU = Debug|Any CPU
		Release|Any CPU = Release|Any CPU
	EndGlobalSection
	GlobalSection(ProjectConfigurationPlatforms) = postSolution
		{53AA6ADE-E74E-4D8F-A6F3-F0739F28879C}.Debug|Any CPU.ActiveCfg = Debug|Any CPU
		{53AA6ADE-E74E-4D8F-A6F3-F0739F28879C}.Debug|Any CPU.Build.0 = Debug|Any CPU
		{53AA6ADE-E74E-4D8F-A6F3-F0739F28879C}.Release|Any CPU.ActiveCfg = Release|Any CPU
		{53AA6ADE-E74E-4D8F-A6F3-F0739F28879C}.Release|Any CPU.Build.0 = Release|Any CPU
		{241B2EFD-35C0-46F7-9171-4339974346F7}.Debug|Any CPU.ActiveCfg = Debug|Any CPU
		{241B2EFD-35C0-46F7-9171-4339974346F7}.Debug|Any CPU.Build.0 = Debug|Any CPU
		{241B2EFD-35C0-46F7-9171-4339974346F7}.Release|Any CPU.ActiveCfg = Release|Any CPU
		{241B2EFD-35C0-46F7-9171-4339974346F7}.Release|Any CPU.Build.0 = Release|Any CPU
		{F4038821-C5D7-4D9F-9715-4FE11F2712C6}.Debug|Any CPU.ActiveCfg = Debug|Any CPU
		{F4038821-C5D7-4D9F-9715-4FE11F2712C6}.Debug|Any CPU.Build.0 = Debug|Any CPU
		{F4038821-C5D7-4D9F-9715-4FE11F2712C6}.Release|Any CPU.ActiveCfg = Release|Any CPU
		{F4038821-C5D7-4D9F-9715-4FE11F2712C6}.Release|Any CPU.Build.0 = Release|Any CPU
	EndGlobalSection
	GlobalSection(SolutionProperties) = preSolution
		HideSolutionNode = FALSE
	EndGlobalSection
EndGlobal
